
Microsoft Visual Studio Solution File, Format Version 12.00
# Visual Studio Version 17
VisualStudioVersion = 17.7.34024.191
MinimumVisualStudioVersion = 10.0.40219.1
Project("{C9674DCB-5085-4A16-B785-4C70DD1589BD}") = "DW_2000", "DW_2000\DW_2000.dtproj", "{B8EF0C82-B787-41D0-83F0-A3F5B39ACF94}"
EndProject
Global
	GlobalSection(SolutionConfigurationPlatforms) = preSolution
		Development|Default = Development|Default
	EndGlobalSection
	GlobalSection(ProjectConfigurationPlatforms) = postSolution
		{B8EF0C82-B787-41D0-83F0-A3F5B39ACF94}.Development|Default.ActiveCfg = Development
		{B8EF0C82-B787-41D0-83F0-A3F5B39ACF94}.Development|Default.Build.0 = Development
	EndGlobalSection
	GlobalSection(SolutionProperties) = preSolution
		HideSolutionNode = FALSE
	EndGlobalSection
	GlobalSection(ExtensibilityGlobals) = postSolution
		SolutionGuid = {1D46A68D-8D27-4516-AA32-EAB1B3E7AE20}
	EndGlobalSection
EndGlobal
